# This file is automatically @generated by Poetry 1.8.3 and should not be changed by hand.

[[package]]
name = "atomicwrites"
version = "1.4.1"
description = "Atomic file writes."
optional = false
python-versions = ">=2.7, !=3.0.*, !=3.1.*, !=3.2.*, !=3.3.*"
files = [
    {file = "atomicwrites-1.4.1.tar.gz", hash = "sha256:81b2c9071a49367a7f770170e5eec8cb66567cfbbc8c73d20ce5ca4a8d71cf11"},
]

[[package]]
name = "attrs"
version = "22.1.0"
description = "Classes Without Boilerplate"
optional = false
python-versions = ">=3.5"
files = [
    {file = "attrs-22.1.0-py2.py3-none-any.whl", hash = "sha256:86efa402f67bf2df34f51a335487cf46b1ec130d02b8d39fd248abfd30da551c"},
    {file = "attrs-22.1.0.tar.gz", hash = "sha256:29adc2665447e5191d0e7c568fde78b21f9672d344281d0c6e1ab085429b22b6"},
]

[package.extras]
dev = ["cloudpickle", "coverage[toml] (>=5.0.2)", "furo", "hypothesis", "mypy (>=0.900,!=0.940)", "pre-commit", "pympler", "pytest (>=4.3.0)", "pytest-mypy-plugins", "sphinx", "sphinx-notfound-page", "zope.interface"]
docs = ["furo", "sphinx", "sphinx-notfound-page", "zope.interface"]
tests = ["cloudpickle", "coverage[toml] (>=5.0.2)", "hypothesis", "mypy (>=0.900,!=0.940)", "pympler", "pytest (>=4.3.0)", "pytest-mypy-plugins", "zope.interface"]
tests-no-zope = ["cloudpickle", "coverage[toml] (>=5.0.2)", "hypothesis", "mypy (>=0.900,!=0.940)", "pympler", "pytest (>=4.3.0)", "pytest-mypy-plugins"]

[[package]]
name = "colorama"
version = "0.4.5"
description = "Cross-platform colored terminal text."
optional = false
python-versions = ">=2.7, !=3.0.*, !=3.1.*, !=3.2.*, !=3.3.*, !=3.4.*"
files = [
    {file = "colorama-0.4.5-py2.py3-none-any.whl", hash = "sha256:854bf444933e37f5824ae7bfc1e98d5bce2ebe4160d46b5edf346a89358e99da"},
    {file = "colorama-0.4.5.tar.gz", hash = "sha256:e6c6b4334fc50988a639d9b98aa429a0b57da6e17b9a44f0451f930b6967b7a4"},
]

[[package]]
name = "importlib-metadata"
version = "2.1.3"
description = "Read metadata from Python packages"
optional = false
python-versions = "!=3.0.*,!=3.1.*,!=3.2.*,!=3.3.*,!=3.4.*,>=2.7"
files = [
    {file = "importlib_metadata-2.1.3-py2.py3-none-any.whl", hash = "sha256:52e65a0856f9ba7ea8f2c4ced253fb6c88d1a8c352cb1e916cff4eb17d5a693d"},
    {file = "importlib_metadata-2.1.3.tar.gz", hash = "sha256:02a9f62b02e9b1cc43871809ef99947e8f5d94771392d666ada2cafc4cd09d4f"},
]

[package.dependencies]
zipp = ">=0.5"

[package.extras]
docs = ["rst.linker", "sphinx"]
testing = ["importlib-resources (>=1.3)", "packaging", "pep517", "unittest2"]

[[package]]
name = "importlib-resources"
version = "3.2.1"
description = "Read resources from Python packages"
optional = false
python-versions = "!=3.0.*,!=3.1.*,!=3.2.*,!=3.3.*,!=3.4.*,>=2.7"
files = [
    {file = "importlib_resources-3.2.1-py2.py3-none-any.whl", hash = "sha256:e2860cf0c4bc999947228d18be154fa3779c5dde0b882bd2d7b3f4d25e698bd6"},
    {file = "importlib_resources-3.2.1.tar.gz", hash = "sha256:a9fe213ab6452708ec1b3f4ec6f2881b8ab3645cb4e5efb7fea2bbf05a91db3b"},
]

[package.dependencies]
zipp = {version = ">=0.4", markers = "python_version < \"3.8\""}

[package.extras]
docs = ["jaraco.packaging", "rst.linker", "sphinx"]

[[package]]
name = "more-itertools"
version = "8.14.0"
description = "More routines for operating on iterables, beyond itertools"
optional = false
python-versions = ">=3.5"
files = [
    {file = "more-itertools-8.14.0.tar.gz", hash = "sha256:c09443cd3d5438b8dafccd867a6bc1cb0894389e90cb53d227456b0b0bccb750"},
    {file = "more_itertools-8.14.0-py3-none-any.whl", hash = "sha256:1bc4f91ee5b1b31ac7ceacc17c09befe6a40a503907baf9c839c229b5095cfd2"},
]

[[package]]
name = "packaging"
version = "20.9"
description = "Core utilities for Python packages"
optional = false
python-versions = ">=2.7, !=3.0.*, !=3.1.*, !=3.2.*, !=3.3.*"
files = [
    {file = "packaging-20.9-py2.py3-none-any.whl", hash = "sha256:67714da7f7bc052e064859c05c595155bd1ee9f69f76557e21f051443c20947a"},
    {file = "packaging-20.9.tar.gz", hash = "sha256:5b327ac1320dc863dca72f4514ecc086f31186744b84a230374cc1fd776feae5"},
]

[package.dependencies]
pyparsing = ">=2.0.2"

[[package]]
name = "pathlib2"
version = "2.3.7.post1"
description = "Object-oriented filesystem paths"
optional = false
python-versions = "*"
files = [
    {file = "pathlib2-2.3.7.post1-py2.py3-none-any.whl", hash = "sha256:5266a0fd000452f1b3467d782f079a4343c63aaa119221fbdc4e39577489ca5b"},
    {file = "pathlib2-2.3.7.post1.tar.gz", hash = "sha256:9fe0edad898b83c0c3e199c842b27ed216645d2e177757b2dd67384d4113c641"},
]

[package.dependencies]
six = "*"

[[package]]
name = "pluggy"
version = "0.13.1"
description = "plugin and hook calling mechanisms for python"
optional = false
python-versions = ">=2.7, !=3.0.*, !=3.1.*, !=3.2.*, !=3.3.*"
files = [
    {file = "pluggy-0.13.1-py2.py3-none-any.whl", hash = "sha256:966c145cd83c96502c3c3868f50408687b38434af77734af1e9ca461a4081d2d"},
    {file = "pluggy-0.13.1.tar.gz", hash = "sha256:15b2acde666561e1298d71b523007ed7364de07029219b604cf808bfa1c765b0"},
]

[package.dependencies]
importlib-metadata = {version = ">=0.12", markers = "python_version < \"3.8\""}

[package.extras]
dev = ["pre-commit", "tox"]

[[package]]
name = "py"
version = "1.11.0"
description = "library with cross-python path, ini-parsing, io, code, log facilities"
optional = false
python-versions = ">=2.7, !=3.0.*, !=3.1.*, !=3.2.*, !=3.3.*, !=3.4.*"
files = [
    {file = "py-1.11.0-py2.py3-none-any.whl", hash = "sha256:607c53218732647dff4acdfcd50cb62615cedf612e72d1724fb1a0cc6405b378"},
    {file = "py-1.11.0.tar.gz", hash = "sha256:51c75c4126074b472f746a24399ad32f6053d1b34b68d2fa41e558e6f4a98719"},
]

[[package]]
name = "pyparsing"
version = "2.4.7"
description = "Python parsing module"
optional = false
python-versions = ">=2.6, !=3.0.*, !=3.1.*, !=3.2.*"
files = [
    {file = "pyparsing-2.4.7-py2.py3-none-any.whl", hash = "sha256:ef9d7589ef3c200abe66653d3f1ab1033c3c419ae9b9bdb1240a85b024efc88b"},
    {file = "pyparsing-2.4.7.tar.gz", hash = "sha256:c203ec8783bf771a155b207279b9bccb8dea02d8f0c9e5f8ead507bc3246ecc1"},
]

[[package]]
name = "pytest"
version = "5.4.3"
description = "pytest: simple powerful testing with Python"
optional = false
python-versions = ">=3.5"
files = [
    {file = "pytest-5.4.3-py3-none-any.whl", hash = "sha256:5c0db86b698e8f170ba4582a492248919255fcd4c79b1ee64ace34301fb589a1"},
    {file = "pytest-5.4.3.tar.gz", hash = "sha256:7979331bfcba207414f5e1263b5a0f8f521d0f457318836a7355531ed1a4c7d8"},
]

[package.dependencies]
atomicwrites = {version = ">=1.0", markers = "sys_platform == \"win32\""}
attrs = ">=17.4.0"
colorama = {version = "*", markers = "sys_platform == \"win32\""}
importlib-metadata = {version = ">=0.12", markers = "python_version < \"3.8\""}
more-itertools = ">=4.0.0"
packaging = "*"
pathlib2 = {version = ">=2.2.0", markers = "python_version < \"3.6\""}
pluggy = ">=0.12,<1.0"
py = ">=1.5.0"
wcwidth = "*"

[package.extras]
checkqa-mypy = ["mypy (==v0.761)"]
testing = ["argcomplete", "hypothesis (>=3.56)", "mock", "nose", "requests", "xmlschema"]

[[package]]
name = "pywin32"
version = "307"
description = "Python for Window Extensions"
optional = false
python-versions = "*"
files = [
    {file = "pywin32-307-cp310-cp310-win32.whl", hash = "sha256:f8f25d893c1e1ce2d685ef6d0a481e87c6f510d0f3f117932781f412e0eba31b"},
    {file = "pywin32-307-cp310-cp310-win_amd64.whl", hash = "sha256:36e650c5e5e6b29b5d317385b02d20803ddbac5d1031e1f88d20d76676dd103d"},
    {file = "pywin32-307-cp310-cp310-win_arm64.whl", hash = "sha256:0c12d61e0274e0c62acee79e3e503c312426ddd0e8d4899c626cddc1cafe0ff4"},
    {file = "pywin32-307-cp311-cp311-win32.whl", hash = "sha256:fec5d27cc893178fab299de911b8e4d12c5954e1baf83e8a664311e56a272b75"},
    {file = "pywin32-307-cp311-cp311-win_amd64.whl", hash = "sha256:987a86971753ed7fdd52a7fb5747aba955b2c7fbbc3d8b76ec850358c1cc28c3"},
    {file = "pywin32-307-cp311-cp311-win_arm64.whl", hash = "sha256:fd436897c186a2e693cd0437386ed79f989f4d13d6f353f8787ecbb0ae719398"},
    {file = "pywin32-307-cp312-cp312-win32.whl", hash = "sha256:07649ec6b01712f36debf39fc94f3d696a46579e852f60157a729ac039df0815"},
    {file = "pywin32-307-cp312-cp312-win_amd64.whl", hash = "sha256:00d047992bb5dcf79f8b9b7c81f72e0130f9fe4b22df613f755ab1cc021d8347"},
    {file = "pywin32-307-cp312-cp312-win_arm64.whl", hash = "sha256:b53658acbfc6a8241d72cc09e9d1d666be4e6c99376bc59e26cdb6223c4554d2"},
    {file = "pywin32-307-cp313-cp313-win32.whl", hash = "sha256:ea4d56e48dc1ab2aa0a5e3c0741ad6e926529510516db7a3b6981a1ae74405e5"},
    {file = "pywin32-307-cp313-cp313-win_amd64.whl", hash = "sha256:576d09813eaf4c8168d0bfd66fb7cb3b15a61041cf41598c2db4a4583bf832d2"},
    {file = "pywin32-307-cp313-cp313-win_arm64.whl", hash = "sha256:b30c9bdbffda6a260beb2919f918daced23d32c79109412c2085cbc513338a0a"},
    {file = "pywin32-307-cp37-cp37m-win32.whl", hash = "sha256:5101472f5180c647d4525a0ed289ec723a26231550dbfd369ec19d5faf60e511"},
    {file = "pywin32-307-cp37-cp37m-win_amd64.whl", hash = "sha256:05de55a7c110478dc4b202230e98af5e0720855360d2b31a44bb4e296d795fba"},
    {file = "pywin32-307-cp38-cp38-win32.whl", hash = "sha256:13d059fb7f10792542082f5731d5d3d9645320fc38814759313e5ee97c3fac01"},
    {file = "pywin32-307-cp38-cp38-win_amd64.whl", hash = "sha256:7e0b2f93769d450a98ac7a31a087e07b126b6d571e8b4386a5762eb85325270b"},
    {file = "pywin32-307-cp39-cp39-win32.whl", hash = "sha256:55ee87f2f8c294e72ad9d4261ca423022310a6e79fb314a8ca76ab3f493854c6"},
    {file = "pywin32-307-cp39-cp39-win_amd64.whl", hash = "sha256:e9d5202922e74985b037c9ef46778335c102b74b95cec70f629453dbe7235d87"},
]

[[package]]
name = "six"
version = "1.16.0"
description = "Python 2 and 3 compatibility utilities"
optional = false
python-versions = ">=2.7, !=3.0.*, !=3.1.*, !=3.2.*"
files = [
    {file = "six-1.16.0-py2.py3-none-any.whl", hash = "sha256:8abb2f1d86890a2dfb989f9a77cfcfd3e47c2a354b01111771326f8aa26e0254"},
    {file = "six-1.16.0.tar.gz", hash = "sha256:1e61c37477a1626458e36f7b1d82aa5c9b094fa4802892072e49de9c60c4c926"},
]

[[package]]
name = "tqdm"
version = "4.64.1"
description = "Fast, Extensible Progress Meter"
optional = false
python-versions = "!=3.0.*,!=3.1.*,!=3.2.*,!=3.3.*,>=2.7"
files = [
    {file = "tqdm-4.64.1-py2.py3-none-any.whl", hash = "sha256:6fee160d6ffcd1b1c68c65f14c829c22832bc401726335ce92c52d395944a6a1"},
    {file = "tqdm-4.64.1.tar.gz", hash = "sha256:5f4f682a004951c1b450bc753c710e9280c5746ce6ffedee253ddbcbf54cf1e4"},
]

[package.dependencies]
colorama = {version = "*", markers = "platform_system == \"Windows\""}
importlib-resources = {version = "*", markers = "python_version < \"3.7\""}

[package.extras]
dev = ["py-make (>=0.1.0)", "twine", "wheel"]
notebook = ["ipywidgets (>=6)"]
slack = ["slack-sdk"]
telegram = ["requests"]

[[package]]
name = "wcwidth"
version = "0.2.13"
description = "Measures the displayed width of unicode strings in a terminal"
optional = false
python-versions = "*"
files = [
    {file = "wcwidth-0.2.13-py2.py3-none-any.whl", hash = "sha256:3da69048e4540d84af32131829ff948f1e022c1c6bdb8d6102117aac784f6859"},
    {file = "wcwidth-0.2.13.tar.gz", hash = "sha256:72ea0c06399eb286d978fdedb6923a9eb47e1c486ce63e9b4e64fc18303972b5"},
]

[[package]]
name = "zipp"
version = "1.2.0"
description = "Backport of pathlib-compatible object wrapper for zip files"
optional = false
python-versions = ">=2.7"
files = [
    {file = "zipp-1.2.0-py2.py3-none-any.whl", hash = "sha256:e0d9e63797e483a30d27e09fffd308c59a700d365ec34e93cc100844168bf921"},
    {file = "zipp-1.2.0.tar.gz", hash = "sha256:c70410551488251b0fee67b460fb9a536af8d6f9f008ad10ac51f615b6a521b1"},
]

[package.extras]
docs = ["jaraco.packaging (>=3.2)", "rst.linker (>=1.9)", "sphinx"]
testing = ["func-timeout", "jaraco.itertools", "pathlib2", "unittest2"]

[metadata]
lock-version = "2.0"
python-versions = ">= 3.5"
content-hash = "6b233977c0a365f1b90874afd84d007e22e654260902a3bfcfcb1c2dd236be62"
